
Microsoft Visual Studio Solution File, Format Version 12.00
# Visual Studio Version 16
VisualStudioVersion = 16.0.29123.88
MinimumVisualStudioVersion = 10.0.40219.1
Project("{FAE04EC0-301F-11D3-BF4B-00C04F79EFBC}") = "1_ComplexNumber", "1_ComplexNumber\1_ComplexNumber.csproj", "{DF05BCE9-9ED9-4BF8-8A3A-BE7F434488C0}"
EndProject
Project("{FAE04EC0-301F-11D3-BF4B-00C04F79EFBC}") = "2_SumAllOddPositiVealues", "2_SumAllOddPositiVealues\2_SumAllOddPositiVealues.csproj", "{5585350D-A682-4CFA-B231-16691CD9AFB0}"
EndProject
Project("{FAE04EC0-301F-11D3-BF4B-00C04F79EFBC}") = "3_RationalNumbers", "3_RationalNumbers\3_RationalNumbers.csproj", "{5E4BEE35-377E-4C30-9B4B-D4F49E9433DB}"
EndProject
Global
	GlobalSection(SolutionConfigurationPlatforms) = preSolution
		Debug|Any CPU = Debug|Any CPU
		Release|Any CPU = Release|Any CPU
	EndGlobalSection
	GlobalSection(ProjectConfigurationPlatforms) = postSolution
		{DF05BCE9-9ED9-4BF8-8A3A-BE7F434488C0}.Debug|Any CPU.ActiveCfg = Debug|Any CPU
		{DF05BCE9-9ED9-4BF8-8A3A-BE7F434488C0}.Debug|Any CPU.Build.0 = Debug|Any CPU
		{DF05BCE9-9ED9-4BF8-8A3A-BE7F434488C0}.Release|Any CPU.ActiveCfg = Release|Any CPU
		{DF05BCE9-9ED9-4BF8-8A3A-BE7F434488C0}.Release|Any CPU.Build.0 = Release|Any CPU
		{5585350D-A682-4CFA-B231-16691CD9AFB0}.Debug|Any CPU.ActiveCfg = Debug|Any CPU
		{5585350D-A682-4CFA-B231-16691CD9AFB0}.Debug|Any CPU.Build.0 = Debug|Any CPU
		{5585350D-A682-4CFA-B231-16691CD9AFB0}.Release|Any CPU.ActiveCfg = Release|Any CPU
		{5585350D-A682-4CFA-B231-16691CD9AFB0}.Release|Any CPU.Build.0 = Release|Any CPU
		{5E4BEE35-377E-4C30-9B4B-D4F49E9433DB}.Debug|Any CPU.ActiveCfg = Debug|Any CPU
		{5E4BEE35-377E-4C30-9B4B-D4F49E9433DB}.Debug|Any CPU.Build.0 = Debug|Any CPU
		{5E4BEE35-377E-4C30-9B4B-D4F49E9433DB}.Release|Any CPU.ActiveCfg = Release|Any CPU
		{5E4BEE35-377E-4C30-9B4B-D4F49E9433DB}.Release|Any CPU.Build.0 = Release|Any CPU
	EndGlobalSection
	GlobalSection(SolutionProperties) = preSolution
		HideSolutionNode = FALSE
	EndGlobalSection
	GlobalSection(ExtensibilityGlobals) = postSolution
		SolutionGuid = {998CAFA5-04E3-4389-8A51-5F8E3B444CB2}
	EndGlobalSection
EndGlobal
